PODS:
  - Flutter (1.0.0)
  - FlutterAlertPlugin (0.0.1):
    - Flutter

DEPENDENCIES:
  - Flutter (from `Flutter`)
  - FlutterAlertPlugin (from `.symlinks/plugins/FlutterAlertPlugin/ios`)

EXTERNAL SOURCES:
  Flutter:
    :path: Flutter
  FlutterAlertPlugin:
    :path: ".symlinks/plugins/FlutterAlertPlugin/ios"

SPEC CHECKSUMS:
  Flutter: 0e3d915762c693b495b44d77113d4970485de6ec
  FlutterAlertPlugin: 0b53e5c9d08e1f0aa589ded3f88c99d958cef157

PODFILE CHECKSUM: aafe91acc616949ddb318b77800a7f51bffa2a4c

COCOAPODS: 1.9.3
